
Microsoft Visual Studio Solution File, Format Version 12.00
# Visual Studio 15
VisualStudioVersion = 15.0.27130.2027
MinimumVisualStudioVersion = 10.0.40219.1
Project("{9A19103F-16F7-4668-BE54-9A1E7A4F7556}") = "c2c-flexiseason", "c2c-flexiseason\c2c-flexiseason.csproj", "{F05A2014-33F6-4B00-B5F1-58BB8420C0AA}"
EndProject
Global
	GlobalSection(SolutionConfigurationPlatforms) = preSolution
		Debug|Any CPU = Debug|Any CPU
		Release|Any CPU = Release|Any CPU
	EndGlobalSection
	GlobalSection(ProjectConfigurationPlatforms) = postSolution
		{F05A2014-33F6-4B00-B5F1-58BB8420C0AA}.Debug|Any CPU.ActiveCfg = Debug|Any CPU
		{F05A2014-33F6-4B00-B5F1-58BB8420C0AA}.Debug|Any CPU.Build.0 = Debug|Any CPU
		{F05A2014-33F6-4B00-B5F1-58BB8420C0AA}.Release|Any CPU.ActiveCfg = Release|Any CPU
		{F05A2014-33F6-4B00-B5F1-58BB8420C0AA}.Release|Any CPU.Build.0 = Release|Any CPU
	EndGlobalSection
	GlobalSection(SolutionProperties) = preSolution
		HideSolutionNode = FALSE
	EndGlobalSection
	GlobalSection(ExtensibilityGlobals) = postSolution
		SolutionGuid = {426B3D80-7ABC-4FF6-B4C5-E703FA970C02}
	EndGlobalSection
EndGlobal
